Microsoft Visual Studio Solution File, Format Version 11.00
# Visual Studio 2008

Project("{B9B2162D-995E-815C-91BC-170128C75F48}") = "GamertoGameDeveloper", "Assembly-CSharp-firstpass.csproj", "{888F4646-81F9-BA3F-90B0-615DF8CCA712}"
EndProject
Project("{B9B2162D-995E-815C-91BC-170128C75F48}") = "GamertoGameDeveloper", "Assembly-CSharp.csproj", "{B1D2BD81-D47D-A3FA-9312-00FDE716D067}"
EndProject
Project("{B9B2162D-995E-815C-91BC-170128C75F48}") = "GamertoGameDeveloper", "Assembly-CSharp-Editor.csproj", "{276CE80C-DF91-8E0C-E901-85775DE37150}"
EndProject
Project("{B9B2162D-995E-815C-91BC-170128C75F48}") = "GamertoGameDeveloper", "Assembly-UnityScript-firstpass.unityproj", "{53EC99BF-06EA-D0E2-588B-26C2FA324E68}"
EndProject
Project("{B9B2162D-995E-815C-91BC-170128C75F48}") = "GamertoGameDeveloper", "Assembly-UnityScript.unityproj", "{01A4FF2E-70CE-3BAA-781D-3682D3C56C19}"
EndProject
Global
	GlobalSection(SolutionConfigurationPlatforms) = preSolution
		Debug|Any CPU = Debug|Any CPU
		Release|Any CPU = Release|Any CPU
	EndGlobalSection
	GlobalSection(ProjectConfigurationPlatforms) = postSolution
		{888F4646-81F9-BA3F-90B0-615DF8CCA712}.Debug|Any CPU.ActiveCfg = Debug|Any CPU
		{888F4646-81F9-BA3F-90B0-615DF8CCA712}.Debug|Any CPU.Build.0 = Debug|Any CPU
		{888F4646-81F9-BA3F-90B0-615DF8CCA712}.Release|Any CPU.ActiveCfg = Release|Any CPU
		{888F4646-81F9-BA3F-90B0-615DF8CCA712}.Release|Any CPU.Build.0 = Release|Any CPU
		{B1D2BD81-D47D-A3FA-9312-00FDE716D067}.Debug|Any CPU.ActiveCfg = Debug|Any CPU
		{B1D2BD81-D47D-A3FA-9312-00FDE716D067}.Debug|Any CPU.Build.0 = Debug|Any CPU
		{B1D2BD81-D47D-A3FA-9312-00FDE716D067}.Release|Any CPU.ActiveCfg = Release|Any CPU
		{B1D2BD81-D47D-A3FA-9312-00FDE716D067}.Release|Any CPU.Build.0 = Release|Any CPU
		{276CE80C-DF91-8E0C-E901-85775DE37150}.Debug|Any CPU.ActiveCfg = Debug|Any CPU
		{276CE80C-DF91-8E0C-E901-85775DE37150}.Debug|Any CPU.Build.0 = Debug|Any CPU
		{276CE80C-DF91-8E0C-E901-85775DE37150}.Release|Any CPU.ActiveCfg = Release|Any CPU
		{276CE80C-DF91-8E0C-E901-85775DE37150}.Release|Any CPU.Build.0 = Release|Any CPU
		{53EC99BF-06EA-D0E2-588B-26C2FA324E68}.Debug|Any CPU.ActiveCfg = Debug|Any CPU
		{53EC99BF-06EA-D0E2-588B-26C2FA324E68}.Debug|Any CPU.Build.0 = Debug|Any CPU
		{53EC99BF-06EA-D0E2-588B-26C2FA324E68}.Release|Any CPU.ActiveCfg = Release|Any CPU
		{53EC99BF-06EA-D0E2-588B-26C2FA324E68}.Release|Any CPU.Build.0 = Release|Any CPU
		{01A4FF2E-70CE-3BAA-781D-3682D3C56C19}.Debug|Any CPU.ActiveCfg = Debug|Any CPU
		{01A4FF2E-70CE-3BAA-781D-3682D3C56C19}.Debug|Any CPU.Build.0 = Debug|Any CPU
		{01A4FF2E-70CE-3BAA-781D-3682D3C56C19}.Release|Any CPU.ActiveCfg = Release|Any CPU
		{01A4FF2E-70CE-3BAA-781D-3682D3C56C19}.Release|Any CPU.Build.0 = Release|Any CPU
	EndGlobalSection
	GlobalSection(SolutionProperties) = preSolution
		HideSolutionNode = FALSE
	EndGlobalSection
																																																																					GlobalSection(MonoDevelopProperties) = preSolution
		StartupItem = Assembly-CSharp.csproj
		Policies = $0
		$0.TextStylePolicy = $1
		$1.inheritsSet = null
		$1.scope = text/x-csharp
		$0.CSharpFormattingPolicy = $2
		$2.inheritsSet = Mono
		$2.inheritsScope = text/x-csharp
		$2.scope = text/x-csharp
		$0.TextStylePolicy = $3
		$3.FileWidth = 120
		$3.TabWidth = 4
		$3.EolMarker = Unix
		$3.inheritsSet = Mono
		$3.inheritsScope = text/plain
		$3.scope = text/plain
	EndGlobalSection

EndGlobal
